// !$*UTF8*$!
{
	archiveVersion = 1;
	classes = {
	};
	objectVersion = 50;
	objects = {

/* Begin PBXBuildFile section */
		717B62EA20902F220031D3B4 /* AppDelegate.m in Sources */ = {isa = PBXBuildFile; fileRef = 717B62E920902F220031D3B4 /* AppDelegate.m */; };
		717B62ED20902F220031D3B4 /* ViewController.m in Sources */ = {isa = PBXBuildFile; fileRef = 717B62EC20902F220031D3B4 /* ViewController.m */; };
		717B62F020902F220031D3B4 /* Main.storyboard in Resources */ = {isa = PBXBuildFile; fileRef = 717B62EE20902F220031D3B4 /* Main.storyboard */; };
		717B62F220902F230031D3B4 /* Assets.xcassets in Resources */ = {isa = PBXBuildFile; fileRef = 717B62F120902F230031D3B4 /* Assets.xcassets */; };
		717B62F520902F230031D3B4 /* LaunchScreen.storyboard in Resources */ = {isa = PBXBuildFile; fileRef = 717B62F320902F230031D3B4 /* LaunchScreen.storyboard */; };
		717B62F820902F230031D3B4 /* main.m in Sources */ = {isa = PBXBuildFile; fileRef = 717B62F720902F230031D3B4 /* main.m */; };
		717B630320906FD90031D3B4 /* MyGitHub.swift in Sources */ = {isa = PBXBuildFile; fileRef = 717B630220906FD90031D3B4 /* MyGitHub.swift */; };
		717B630620908A0A0031D3B4 /* DemoClass.m in Sources */ = {isa = PBXBuildFile; fileRef = 717B630520908A0A0031D3B4 /* DemoClass.m */; };
/* End PBXBuildFile section */

/* Begin PBXFileReference section */
		717B62E520902F220031D3B4 /* SwiftInOCProject.app */ = {isa = PBXFileReference; explicitFileType = wrapper.application; includeInIndex = 0; path = SwiftInOCProject.app; sourceTree = BUILT_PRODUCTS_DIR; };
		717B62E820902F220031D3B4 /* AppDelegate.h */ = {isa = PBXFileReference; lastKnownFileType = sourcecode.c.h; path = AppDelegate.h; sourceTree = "<group>"; };
		717B62E920902F220031D3B4 /* AppDelegate.m */ = {isa = PBXFileReference; lastKnownFileType = sourcecode.c.objc; path = AppDelegate.m; sourceTree = "<group>"; };
		717B62EB20902F220031D3B4 /* ViewController.h */ = {isa = PBXFileReference; lastKnownFileType = sourcecode.c.h; path = ViewController.h; sourceTree = "<group>"; };
		717B62EC20902F220031D3B4 /* ViewController.m */ = {isa = PBXFileReference; lastKnownFileType = sourcecode.c.objc; path = ViewController.m; sourceTree = "<group>"; };
		717B62EF20902F220031D3B4 /* Base */ = {isa = PBXFileReference; lastKnownFileType = file.storyboard; name = Base; path = Base.lproj/Main.storyboard; sourceTree = "<group>"; };
		717B62F120902F230031D3B4 /* Assets.xcassets */ = {isa = PBXFileReference; lastKnownFileType = folder.assetcatalog; path = Assets.xcassets; sourceTree = "<group>"; };
		717B62F420902F230031D3B4 /* Base */ = {isa = PBXFileReference; lastKnownFileType = file.storyboard; name = Base; path = Base.lproj/LaunchScreen.storyboard; sourceTree = "<group>"; };
		717B62F620902F230031D3B4 /* Info.plist */ = {isa = PBXFileReference; lastKnownFileType = text.plist.xml; path = Info.plist; sourceTree = "<group>"; };
		717B62F720902F230031D3B4 /* main.m */ = {isa = PBXFileReference; lastKnownFileType = sourcecode.c.objc; path = main.m; sourceTree = "<group>"; };
		717B630120906FD90031D3B4 /* SwiftInOCProject-Bridging-Header.h */ = {isa = PBXFileReference; lastKnownFileType = sourcecode.c.h; path = "SwiftInOCProject-Bridging-Header.h"; sourceTree = "<group>"; };
		717B630220906FD90031D3B4 /* MyGitHub.swift */ = {isa = PBXFileReference; lastKnownFileType = sourcecode.swift; path = MyGitHub.swift; sourceTree = "<group>"; };
		717B630420908A0A0031D3B4 /* DemoClass.h */ = {isa = PBXFileReference; lastKnownFileType = sourcecode.c.h; path = DemoClass.h; sourceTree = "<group>"; };
		717B630520908A0A0031D3B4 /* DemoClass.m */ = {isa = PBXFileReference; lastKnownFileType = sourcecode.c.objc; path = DemoClass.m; sourceTree = "<group>"; };
/* End PBXFileReference section */

/* Begin PBXFrameworksBuildPhase section */
		717B62E220902F220031D3B4 /* Frameworks */ = {
			isa = PBXFrameworksBuildPhase;
			buildActionMask = 2147483647;
			files = (
			);
			runOnlyForDeploymentPostprocessing = 0;
		};
/* End PBXFrameworksBuildPhase section */

/* Begin PBXGroup section */
		717B62DC20902F220031D3B4 = {
			isa = PBXGroup;
			children = (
				717B62E720902F220031D3B4 /* SwiftInOCProject */,
				717B62E620902F220031D3B4 /* Products */,
			);
			sourceTree = "<group>";
		};
		717B62E620902F220031D3B4 /* Products */ = {
			isa = PBXGroup;
			children = (
				717B62E520902F220031D3B4 /* SwiftInOCProject.app */,
			);
			name = Products;
			sourceTree = "<group>";
		};
		717B62E720902F220031D3B4 /* SwiftInOCProject */ = {
			isa = PBXGroup;
			children = (
				717B62E820902F220031D3B4 /* AppDelegate.h */,
				717B62E920902F220031D3B4 /* AppDelegate.m */,
				717B62EB20902F220031D3B4 /* ViewController.h */,
				717B62EC20902F220031D3B4 /* ViewController.m */,
				717B62EE20902F220031D3B4 /* Main.storyboard */,
				717B62F120902F230031D3B4 /* Assets.xcassets */,
				717B62F320902F230031D3B4 /* LaunchScreen.storyboard */,
				717B62F620902F230031D3B4 /* Info.plist */,
				717B62F720902F230031D3B4 /* main.m */,
				717B630220906FD90031D3B4 /* MyGitHub.swift */,
				717B630120906FD90031D3B4 /* SwiftInOCProject-Bridging-Header.h */,
				717B630420908A0A0031D3B4 /* DemoClass.h */,
				717B630520908A0A0031D3B4 /* DemoClass.m */,
			);
			path = SwiftInOCProject;
			sourceTree = "<group>";
		};
/* End PBXGroup section */

/* Begin PBXNativeTarget section */
		717B62E420902F220031D3B4 /* SwiftInOCProject */ = {
			isa = PBXNativeTarget;
			buildConfigurationList = 717B62FB20902F230031D3B4 /* Build configuration list for PBXNativeTarget "SwiftInOCProject" */;
			buildPhases = (
				717B62E120902F220031D3B4 /* Sources */,
				717B62E220902F220031D3B4 /* Frameworks */,
				717B62E320902F220031D3B4 /* Resources */,
			);
			buildRules = (
			);
			dependencies = (
			);
			name = SwiftInOCProject;
			productName = SwiftInOCProject;
			productReference = 717B62E520902F220031D3B4 /* SwiftInOCProject.app */;
			productType = "com.apple.product-type.application";
		};
/* End PBXNativeTarget section */

/* Begin PBXProject section */
		717B62DD20902F220031D3B4 /* Project object */ = {
			isa = PBXProject;
			attributes = {
				LastUpgradeCheck = 0930;
				ORGANIZATIONNAME = yuchen;
				TargetAttributes = {
					717B62E420902F220031D3B4 = {
						CreatedOnToolsVersion = 9.3;
						LastSwiftMigration = 0930;
					};
				};
			};
			buildConfigurationList = 717B62E020902F220031D3B4 /* Build configuration list for PBXProject "SwiftInOCProject" */;
			compatibilityVersion = "Xcode 9.3";
			developmentRegion = en;
			hasScannedForEncodings = 0;
			knownRegions = (
				en,
				Base,
			);
			mainGroup = 717B62DC20902F220031D3B4;
			productRefGroup = 717B62E620902F220031D3B4 /* Products */;
			projectDirPath = "";
			projectRoot = "";
			targets = (
				717B62E420902F220031D3B4 /* SwiftInOCProject */,
			);
		};
/* End PBXProject section */

/* Begin PBXResourcesBuildPhase section */
		717B62E320902F220031D3B4 /* Resources */ = {
			isa = PBXResourcesBuildPhase;
			buildActionMask = 2147483647;
			files = (
				717B62F520902F230031D3B4 /* LaunchScreen.storyboard in Resources */,
				717B62F220902F230031D3B4 /* Assets.xcassets in Resources */,
				717B62F020902F220031D3B4 /* Main.storyboard in Resources */,
			);
			runOnlyForDeploymentPostprocessing = 0;
		};
/* End PBXResourcesBuildPhase section */

/* Begin PBXSourcesBuildPhase section */
		717B62E120902F220031D3B4 /* Sources */ = {
			isa = PBXSourcesBuildPhase;
			buildActionMask = 2147483647;
			files = (
				717B62ED20902F220031D3B4 /* ViewController.m in Sources */,
				717B62F820902F230031D3B4 /* main.m in Sources */,
				717B630620908A0A0031D3B4 /* DemoClass.m in Sources */,
				717B62EA20902F220031D3B4 /* AppDelegate.m in Sources */,
				717B630320906FD90031D3B4 /* MyGitHub.swift in Sources */,
			);
			runOnlyForDeploymentPostprocessing = 0;
		};
/* End PBXSourcesBuildPhase section */

/* Begin PBXVariantGroup section */
		717B62EE20902F220031D3B4 /* Main.storyboard */ = {
			isa = PBXVariantGroup;
			children = (
				717B62EF20902F220031D3B4 /* Base */,
			);
			name = Main.storyboard;
			sourceTree = "<group>";
		};
		717B62F320902F230031D3B4 /* LaunchScreen.storyboard */ = {
			isa = PBXVariantGroup;
			children = (
				717B62F420902F230031D3B4 /* Base */,
			);
			name = LaunchScreen.storyboard;
			sourceTree = "<group>";
		};
/* End PBXVariantGroup section */

/* Begin XCBuildConfiguration section */
		717B62F920902F230031D3B4 /* Debug */ = {
			isa = XCBuildConfiguration;
			buildSettings = {
				ALWAYS_SEARCH_USER_PATHS = NO;
				CLANG_ANALYZER_NONNULL = YES;
				CLANG_ANALYZER_NUMBER_OBJECT_CONVERSION = YES_AGGRESSIVE;
				CLANG_CXX_LANGUAGE_STANDARD = "gnu++14";
				CLANG_CXX_LIBRARY = "libc++";
				CLANG_ENABLE_MODULES = YES;
				CLANG_ENABLE_OBJC_ARC = YES;
				CLANG_ENABLE_OBJC_WEAK = YES;
				CLANG_WARN_BLOCK_CAPTURE_AUTORELEASING = YES;
				CLANG_WARN_BOOL_CONVERSION = YES;
				CLANG_WARN_COMMA = YES;
				CLANG_WARN_CONSTANT_CONVERSION = YES;
				CLANG_WARN_DEPRECATED_OBJC_IMPLEMENTATIONS = YES;
				CLANG_WARN_DIRECT_OBJC_ISA_USAGE = YES_ERROR;
				CLANG_WARN_DOCUMENTATION_COMMENTS = YES;
				CLANG_WARN_EMPTY_BODY = YES;
				CLANG_WARN_ENUM_CONVERSION = YES;
				CLANG_WARN_INFINITE_RECURSION = YES;
				CLANG_WARN_INT_CONVERSION = YES;
				CLANG_WARN_NON_LITERAL_NULL_CONVERSION = YES;
				CLANG_WARN_OBJC_IMPLICIT_RETAIN_SELF = YES;
				CLANG_WARN_OBJC_LITERAL_CONVERSION = YES;
				CLANG_WARN_OBJC_ROOT_CLASS = YES_ERROR;
				CLANG_WARN_RANGE_LOOP_ANALYSIS = YES;
				CLANG_WARN_STRICT_PROTOTYPES = YES;
				CLANG_WARN_SUSPICIOUS_MOVE = YES;
				CLANG_WARN_UNGUARDED_AVAILABILITY = YES_AGGRESSIVE;
				CLANG_WARN_UNREACHABLE_CODE = YES;
				CLANG_WARN__DUPLICATE_METHOD_MATCH = YES;
				CODE_SIGN_IDENTITY = "iPhone Developer";
				COPY_PHASE_STRIP = NO;
				DEBUG_INFORMATION_FORMAT = dwarf;
				DEFINES_MODULE = YES;
				ENABLE_STRICT_OBJC_MSGSEND = YES;
				ENABLE_TESTABILITY = YES;
				GCC_C_LANGUAGE_STANDARD = gnu11;
				GCC_DYNAMIC_NO_PIC = NO;
				GCC_NO_COMMON_BLOCKS = YES;
				GCC_OPTIMIZATION_LEVEL = 0;
				GCC_PREPROCESSOR_DEFINITIONS = (
					"DEBUG=1",
					"$(inherited)",
				);
				GCC_WARN_64_TO_32_BIT_CONVERSION = YES;
				GCC_WARN_ABOUT_RETURN_TYPE = YES_ERROR;
				GCC_WARN_UNDECLARED_SELECTOR = YES;
				GCC_WARN_UNINITIALIZED_AUTOS = YES_AGGRESSIVE;
				GCC_WARN_UNUSED_FUNCTION = YES;
				GCC_WARN_UNUSED_VARIABLE = YES;
				IPHONEOS_DEPLOYMENT_TARGET = 11.3;
				MTL_ENABLE_DEBUG_INFO = YES;
				ONLY_ACTIVE_ARCH = YES;
				PRODUCT_MODULE_NAME = "$(PRODUCT_NAME)";
				SDKROOT = iphoneos;
			};
			name = Debug;
		};
		717B62FA20902F230031D3B4 /* Release */ = {
			isa = XCBuildConfiguration;
			buildSettings = {
				ALWAYS_SEARCH_USER_PATHS = NO;
				CLANG_ANALYZER_NONNULL = YES;
				CLANG_ANALYZER_NUMBER_OBJECT_CONVERSION = YES_AGGRESSIVE;
				CLANG_CXX_LANGUAGE_STANDARD = "gnu++14";
				CLANG_CXX_LIBRARY = "libc++";
				CLANG_ENABLE_MODULES = YES;
				CLANG_ENABLE_OBJC_ARC = YES;
				CLANG_ENABLE_OBJC_WEAK = YES;
				CLANG_WARN_BLOCK_CAPTURE_AUTORELEASING = YES;
				CLANG_WARN_BOOL_CONVERSION = YES;
				CLANG_WARN_COMMA = YES;
				CLANG_WARN_CONSTANT_CONVERSION = YES;
				CLANG_WARN_DEPRECATED_OBJC_IMPLEMENTATIONS = YES;
				CLANG_WARN_DIRECT_OBJC_ISA_USAGE = YES_ERROR;
				CLANG_WARN_DOCUMENTATION_COMMENTS = YES;
				CLANG_WARN_EMPTY_BODY = YES;
				CLANG_WARN_ENUM_CONVERSION = YES;
				CLANG_WARN_INFINITE_RECURSION = YES;
				CLANG_WARN_INT_CONVERSION = YES;
				CLANG_WARN_NON_LITERAL_NULL_CONVERSION = YES;
				CLANG_WARN_OBJC_IMPLICIT_RETAIN_SELF = YES;
				CLANG_WARN_OBJC_LITERAL_CONVERSION = YES;
				CLANG_WARN_OBJC_ROOT_CLASS = YES_ERROR;
				CLANG_WARN_RANGE_LOOP_ANALYSIS = YES;
				CLANG_WARN_STRICT_PROTOTYPES = YES;
				CLANG_WARN_SUSPICIOUS_MOVE = YES;
				CLANG_WARN_UNGUARDED_AVAILABILITY = YES_AGGRESSIVE;
				CLANG_WARN_UNREACHABLE_CODE = YES;
				CLANG_WARN__DUPLICATE_METHOD_MATCH = YES;
				CODE_SIGN_IDENTITY = "iPhone Developer";
				COPY_PHASE_STRIP = NO;
				DEBUG_INFORMATION_FORMAT = "dwarf-with-dsym";
				DEFINES_MODULE = YES;
				ENABLE_NS_ASSERTIONS = NO;
				ENABLE_STRICT_OBJC_MSGSEND = YES;
				GCC_C_LANGUAGE_STANDARD = gnu11;
				GCC_NO_COMMON_BLOCKS = YES;
				GCC_WARN_64_TO_32_BIT_CONVERSION = YES;
				GCC_WARN_ABOUT_RETURN_TYPE = YES_ERROR;
				GCC_WARN_UNDECLARED_SELECTOR = YES;
				GCC_WARN_UNINITIALIZED_AUTOS = YES_AGGRESSIVE;
				GCC_WARN_UNUSED_FUNCTION = YES;
				GCC_WARN_UNUSED_VARIABLE = YES;
				IPHONEOS_DEPLOYMENT_TARGET = 11.3;
				MTL_ENABLE_DEBUG_INFO = NO;
				PRODUCT_MODULE_NAME = "$(PRODUCT_NAME)";
				SDKROOT = iphoneos;
				VALIDATE_PRODUCT = YES;
			};
			name = Release;
		};
		717B62FC20902F230031D3B4 /* Debug */ = {
			isa = XCBuildConfiguration;
			buildSettings = {
				ASSETCATALOG_COMPILER_APPICON_NAME = AppIcon;
				CLANG_ENABLE_MODULES = YES;
				CODE_SIGN_STYLE = Automatic;
				DEVELOPMENT_TEAM = FQNN9342A3;
				INFOPLIST_FILE = SwiftInOCProject/Info.plist;
				IPHONEOS_DEPLOYMENT_TARGET = 9.0;
				LD_RUNPATH_SEARCH_PATHS = (
					"$(inherited)",
					"@executable_path/Frameworks",
				);
				PRODUCT_BUNDLE_IDENTIFIER = com.yuchen.SwiftInOCProject;
				PRODUCT_NAME = "$(TARGET_NAME)";
				SWIFT_OBJC_BRIDGING_HEADER = "SwiftInOCProject/SwiftInOCProject-Bridging-Header.h";
				SWIFT_OPTIMIZATION_LEVEL = "-Onone";
				SWIFT_VERSION = 3.0;
				TARGETED_DEVICE_FAMILY = "1,2";
			};
			name = Debug;
		};
		717B62FD20902F230031D3B4 /* Release */ = {
			isa = XCBuildConfiguration;
			buildSettings = {
				ASSETCATALOG_COMPILER_APPICON_NAME = AppIcon;
				CLANG_ENABLE_MODULES = YES;
				CODE_SIGN_STYLE = Automatic;
				DEVELOPMENT_TEAM = FQNN9342A3;
				INFOPLIST_FILE = SwiftInOCProject/Info.plist;
				IPHONEOS_DEPLOYMENT_TARGET = 9.0;
				LD_RUNPATH_SEARCH_PATHS = (
					"$(inherited)",
					"@executable_path/Frameworks",
				);
				PRODUCT_BUNDLE_IDENTIFIER = com.yuchen.SwiftInOCProject;
				PRODUCT_NAME = "$(TARGET_NAME)";
				SWIFT_OBJC_BRIDGING_HEADER = "SwiftInOCProject/SwiftInOCProject-Bridging-Header.h";
				SWIFT_VERSION = 3.0;
				TARGETED_DEVICE_FAMILY = "1,2";
			};
			name = Release;
		};
/* End XCBuildConfiguration section */

/* Begin XCConfigurationList section */
		717B62E020902F220031D3B4 /* Build configuration list for PBXProject "SwiftInOCProject" */ = {
			isa = XCConfigurationList;
			buildConfigurations = (
				717B62F920902F230031D3B4 /* Debug */,
				717B62FA20902F230031D3B4 /* Release */,
			);
			defaultConfigurationIsVisible = 0;
			defaultConfigurationName = Release;
		};
		717B62FB20902F230031D3B4 /* Build configuration list for PBXNativeTarget "SwiftInOCProject" */ = {
			isa = XCConfigurationList;
			buildConfigurations = (
				717B62FC20902F230031D3B4 /* Debug */,
				717B62FD20902F230031D3B4 /* Release */,
			);
			defaultConfigurationIsVisible = 0;
			defaultConfigurationName = Release;
		};
/* End XCConfigurationList section */
	};
	rootObject = 717B62DD20902F220031D3B4 /* Project object */;
}
